// !$*UTF8*$!
{
	archiveVersion = 1;
	classes = {
	};
	objectVersion = 46;
	objects = {

/* Begin PBXFileReference section */
		0849354314C8595C001499D4 /* BECommonFramework.bib */ = {isa = PBXFileReference; fileEncoding = 4; lastKnownFileType = text; name = BECommonFramework.bib; path = ../BECommonFramework.bib; sourceTree = "<group>"; };
		0849354914C8595C001499D4 /* BECommonFramework.tex */ = {isa = PBXFileReference; fileEncoding = 4; lastKnownFileType = text; name = BECommonFramework.tex; path = ../BECommonFramework.tex; sourceTree = "<group>"; };
		0849354B14C8595C001499D4 /* datainterchange.tex */ = {isa = PBXFileReference; fileEncoding = 4; lastKnownFileType = text; name = datainterchange.tex; path = ../datainterchange.tex; sourceTree = "<group>"; };
		0849355014C8595C001499D4 /* error.tex */ = {isa = PBXFileReference; fileEncoding = 4; lastKnownFileType = text; name = error.tex; path = ../error.tex; sourceTree = "<group>"; };
		0849355114C8595D001499D4 /* feature.tex */ = {isa = PBXFileReference; fileEncoding = 4; lastKnownFileType = text; name = feature.tex; path = ../feature.tex; sourceTree = "<group>"; };
		0849355214C8595D001499D4 /* finger.tex */ = {isa = PBXFileReference; fileEncoding = 4; lastKnownFileType = text; name = finger.tex; path = ../finger.tex; sourceTree = "<group>"; };
		0849355314C8595D001499D4 /* framework.tex */ = {isa = PBXFileReference; fileEncoding = 4; lastKnownFileType = text; name = framework.tex; path = ../framework.tex; sourceTree = "<group>"; };
		0849355414C8595D001499D4 /* image.tex */ = {isa = PBXFileReference; fileEncoding = 4; lastKnownFileType = text; name = image.tex; path = ../image.tex; sourceTree = "<group>"; };
		0849355514C8595D001499D4 /* intro.tex */ = {isa = PBXFileReference; fileEncoding = 4; lastKnownFileType = text; name = intro.tex; path = ../intro.tex; sourceTree = "<group>"; };
		0849355614C8595D001499D4 /* io.tex */ = {isa = PBXFileReference; fileEncoding = 4; lastKnownFileType = text; name = io.tex; path = ../io.tex; sourceTree = "<group>"; };
		0849355714C8595D001499D4 /* Makefile */ = {isa = PBXFileReference; fileEncoding = 4; lastKnownFileType = sourcecode.make; name = Makefile; path = ../Makefile; sourceTree = "<group>"; };
		0849355814C8595D001499D4 /* memory.tex */ = {isa = PBXFileReference; fileEncoding = 4; lastKnownFileType = text; name = memory.tex; path = ../memory.tex; sourceTree = "<group>"; };
		0849355914C8595D001499D4 /* overview.tex */ = {isa = PBXFileReference; fileEncoding = 4; lastKnownFileType = text; name = overview.tex; path = ../overview.tex; sourceTree = "<group>"; };
		0849355A14C8595D001499D4 /* process.tex */ = {isa = PBXFileReference; fileEncoding = 4; lastKnownFileType = text; name = process.tex; path = ../process.tex; sourceTree = "<group>"; };
		0849355B14C8595D001499D4 /* system.tex */ = {isa = PBXFileReference; fileEncoding = 4; lastKnownFileType = text; name = system.tex; path = ../system.tex; sourceTree = "<group>"; };
		0849355C14C8595D001499D4 /* text.tex */ = {isa = PBXFileReference; fileEncoding = 4; lastKnownFileType = text; name = text.tex; path = ../text.tex; sourceTree = "<group>"; };
		0849355D14C8595D001499D4 /* time.tex */ = {isa = PBXFileReference; fileEncoding = 4; lastKnownFileType = text; name = time.tex; path = ../time.tex; sourceTree = "<group>"; };
		0849355E14C8595D001499D4 /* view.tex */ = {isa = PBXFileReference; fileEncoding = 4; lastKnownFileType = text; name = view.tex; path = ../view.tex; sourceTree = "<group>"; };
		08A64F2918EC9DF100ED9120 /* messaging.tex */ = {isa = PBXFileReference; fileEncoding = 4; lastKnownFileType = text; name = messaging.tex; path = ../messaging.tex; sourceTree = "<group>"; };
		08A64F2A18EC9DF100ED9120 /* BEFull.pdf */ = {isa = PBXFileReference; lastKnownFileType = image.pdf; name = BEFull.pdf; path = ../BEFull.pdf; sourceTree = "<group>"; };
		08A64F2B18EC9DF100ED9120 /* BEFull.tex */ = {isa = PBXFileReference; fileEncoding = 4; lastKnownFileType = text; name = BEFull.tex; path = ../BEFull.tex; sourceTree = "<group>"; };
		08A64F2C18EC9DF100ED9120 /* BELatexHdr.tex */ = {isa = PBXFileReference; fileEncoding = 4; lastKnownFileType = text; name = BELatexHdr.tex; path = ../BELatexHdr.tex; sourceTree = "<group>"; };
		08A64F2D18EC9DF100ED9120 /* BESmall.pdf */ = {isa = PBXFileReference; lastKnownFileType = image.pdf; name = BESmall.pdf; path = ../BESmall.pdf; sourceTree = "<group>"; };
		08A64F2E18EC9DF100ED9120 /* BESmall.tex */ = {isa = PBXFileReference; fileEncoding = 4; lastKnownFileType = text; name = BESmall.tex; path = ../BESmall.tex; sourceTree = "<group>"; };
		08A64F2F18EC9DF100ED9120 /* title.tex */ = {isa = PBXFileReference; fileEncoding = 4; lastKnownFileType = text; name = title.tex; path = ../title.tex; sourceTree = "<group>"; };
		08A64F3018EC9DF100ED9120 /* BECommonFramework.dox */ = {isa = PBXFileReference; fileEncoding = 4; lastKnownFileType = text; name = BECommonFramework.dox; path = ../BECommonFramework.dox; sourceTree = "<group>"; };
/* End PBXFileReference section */

/* Begin PBXGroup section */
		0837C2DC155BEF140081A8AC /* products */ = {
			isa = PBXGroup;
			children = (
				08A64F2A18EC9DF100ED9120 /* BEFull.pdf */,
				08A64F2D18EC9DF100ED9120 /* BESmall.pdf */,
			);
			name = products;
			sourceTree = "<group>";
		};
		0837C2DD155BEF250081A8AC /* chapters */ = {
			isa = PBXGroup;
			children = (
				0849354B14C8595C001499D4 /* datainterchange.tex */,
				0849355014C8595C001499D4 /* error.tex */,
				0849355114C8595D001499D4 /* feature.tex */,
				0849355214C8595D001499D4 /* finger.tex */,
				0849355314C8595D001499D4 /* framework.tex */,
				0849355414C8595D001499D4 /* image.tex */,
				0849355514C8595D001499D4 /* intro.tex */,
				0849355614C8595D001499D4 /* io.tex */,
				0849355814C8595D001499D4 /* memory.tex */,
				08A64F2918EC9DF100ED9120 /* messaging.tex */,
				0849355914C8595D001499D4 /* overview.tex */,
				0849355A14C8595D001499D4 /* process.tex */,
				0849355B14C8595D001499D4 /* system.tex */,
				0849355C14C8595D001499D4 /* text.tex */,
				0849355D14C8595D001499D4 /* time.tex */,
				08A64F2F18EC9DF100ED9120 /* title.tex */,
				0849355E14C8595D001499D4 /* view.tex */,
			);
			name = chapters;
			sourceTree = "<group>";
		};
		0837C2DE155BEF620081A8AC /* supplemental */ = {
			isa = PBXGroup;
			children = (
				0849354314C8595C001499D4 /* BECommonFramework.bib */,
				08A64F3018EC9DF100ED9120 /* BECommonFramework.dox */,
				0849354914C8595C001499D4 /* BECommonFramework.tex */,
				08A64F2B18EC9DF100ED9120 /* BEFull.tex */,
				08A64F2C18EC9DF100ED9120 /* BELatexHdr.tex */,
				08A64F2E18EC9DF100ED9120 /* BESmall.tex */,
			);
			name = supplemental;
			sourceTree = "<group>";
		};
		0849353414C85939001499D4 = {
			isa = PBXGroup;
			children = (
				0837C2DD155BEF250081A8AC /* chapters */,
				0837C2DC155BEF140081A8AC /* products */,
				0837C2DE155BEF620081A8AC /* supplemental */,
				0849355714C8595D001499D4 /* Makefile */,
			);
			sourceTree = "<group>";
		};
/* End PBXGroup section */

/* Begin PBXLegacyTarget section */
		0849353B14C85939001499D4 /* document */ = {
			isa = PBXLegacyTarget;
			buildArgumentsString = "$(ACTION)";
			buildConfigurationList = 0849353E14C85939001499D4 /* Build configuration list for PBXLegacyTarget "document" */;
			buildPhases = (
			);
			buildToolPath = /usr/bin/make;
			buildWorkingDirectory = ../;
			dependencies = (
			);
			name = document;
			passBuildSettingsInEnvironment = 1;
			productName = Document;
		};
/* End PBXLegacyTarget section */

/* Begin PBXProject section */
		0849353614C85939001499D4 /* Project object */ = {
			isa = PBXProject;
			attributes = {
				LastUpgradeCheck = 0720;
			};
			buildConfigurationList = 0849353914C85939001499D4 /* Build configuration list for PBXProject "document" */;
			compatibilityVersion = "Xcode 3.2";
			developmentRegion = English;
			hasScannedForEncodings = 0;
			knownRegions = (
				en,
			);
			mainGroup = 0849353414C85939001499D4;
			projectDirPath = "";
			projectRoot = "";
			targets = (
				0849353B14C85939001499D4 /* document */,
			);
		};
/* End PBXProject section */

/* Begin XCBuildConfiguration section */
		0849353C14C85939001499D4 /* Debug */ = {
			isa = XCBuildConfiguration;
			buildSettings = {
				PATH = "$(PATH):/opt/local/bin:/usr/texbin";
			};
			name = Debug;
		};
		0849353D14C85939001499D4 /* Release */ = {
			isa = XCBuildConfiguration;
			buildSettings = {
				PATH = "$(PATH):/opt/local/bin:/usr/texbin";
			};
			name = Release;
		};
		0849353F14C85939001499D4 /* Debug */ = {
			isa = XCBuildConfiguration;
			buildSettings = {
			};
			name = Debug;
		};
		0849354014C85939001499D4 /* Release */ = {
			isa = XCBuildConfiguration;
			buildSettings = {
			};
			name = Release;
		};
/* End XCBuildConfiguration section */

/* Begin XCConfigurationList section */
		0849353914C85939001499D4 /* Build configuration list for PBXProject "document" */ = {
			isa = XCConfigurationList;
			buildConfigurations = (
				0849353C14C85939001499D4 /* Debug */,
				0849353D14C85939001499D4 /* Release */,
			);
			defaultConfigurationIsVisible = 0;
			defaultConfigurationName = Release;
		};
		0849353E14C85939001499D4 /* Build configuration list for PBXLegacyTarget "document" */ = {
			isa = XCConfigurationList;
			buildConfigurations = (
				0849353F14C85939001499D4 /* Debug */,
				0849354014C85939001499D4 /* Release */,
			);
			defaultConfigurationIsVisible = 0;
			defaultConfigurationName = Release;
		};
/* End XCConfigurationList section */
	};
	rootObject = 0849353614C85939001499D4 /* Project object */;
}
